
Microsoft Visual Studio Solution File, Format Version 12.00
# Visual Studio 15
VisualStudioVersion = 15.0.28307.168
MinimumVisualStudioVersion = 10.0.40219.1
Project("{FAE04EC0-301F-11D3-BF4B-00C04F79EFBC}") = "Pronto.Web", "Pronto.Web\Pronto.Web.csproj", "{B12A5D1E-C2C3-4A5C-8A6B-7BF8D9B5E8C4}"
EndProject
Project("{FAE04EC0-301F-11D3-BF4B-00C04F79EFBC}") = "Pronto", "Pronto\Pronto.csproj", "{8517360A-4FCD-4FD8-9838-4DB240A55027}"
EndProject
Global
	GlobalSection(SolutionConfigurationPlatforms) = preSolution
		Debug|Any CPU = Debug|Any CPU
		Release|Any CPU = Release|Any CPU
	EndGlobalSection
	GlobalSection(ProjectConfigurationPlatforms) = postSolution
		{B12A5D1E-C2C3-4A5C-8A6B-7BF8D9B5E8C4}.Debug|Any CPU.ActiveCfg = Debug|Any CPU
		{B12A5D1E-C2C3-4A5C-8A6B-7BF8D9B5E8C4}.Debug|Any CPU.Build.0 = Debug|Any CPU
		{B12A5D1E-C2C3-4A5C-8A6B-7BF8D9B5E8C4}.Release|Any CPU.ActiveCfg = Release|Any CPU
		{B12A5D1E-C2C3-4A5C-8A6B-7BF8D9B5E8C4}.Release|Any CPU.Build.0 = Release|Any CPU
		{8517360A-4FCD-4FD8-9838-4DB240A55027}.Debug|Any CPU.ActiveCfg = Debug|Any CPU
		{8517360A-4FCD-4FD8-9838-4DB240A55027}.Debug|Any CPU.Build.0 = Debug|Any CPU
		{8517360A-4FCD-4FD8-9838-4DB240A55027}.Release|Any CPU.ActiveCfg = Release|Any CPU
		{8517360A-4FCD-4FD8-9838-4DB240A55027}.Release|Any CPU.Build.0 = Release|Any CPU
	EndGlobalSection
	GlobalSection(SolutionProperties) = preSolution
		HideSolutionNode = FALSE
	EndGlobalSection
	GlobalSection(ExtensibilityGlobals) = postSolution
		SolutionGuid = {35802917-9D7C-4BD0-B1E1-5357F3766B9E}
	EndGlobalSection
EndGlobal
